// !$*UTF8*$!
{
	archiveVersion = 1;
	classes = {
	};
	objectVersion = 46;
	objects = {

/* Begin PBXBuildFile section */
		C384D344179E084F006E4875 /* UIKit.framework in Frameworks */ = {isa = PBXBuildFile; fileRef = C384D343179E084F006E4875 /* UIKit.framework */; };
		C384D346179E084F006E4875 /* Foundation.framework in Frameworks */ = {isa = PBXBuildFile; fileRef = C384D345179E084F006E4875 /* Foundation.framework */; };
		C384D348179E084F006E4875 /* CoreGraphics.framework in Frameworks */ = {isa = PBXBuildFile; fileRef = C384D347179E084F006E4875 /* CoreGraphics.framework */; };
		C384D34E179E084F006E4875 /* InfoPlist.strings in Resources */ = {isa = PBXBuildFile; fileRef = C384D34C179E084F006E4875 /* InfoPlist.strings */; };
		C384D350179E084F006E4875 /* main.m in Sources */ = {isa = PBXBuildFile; fileRef = C384D34F179E084F006E4875 /* main.m */; };
		C384D354179E084F006E4875 /* AppDelegate.m in Sources */ = {isa = PBXBuildFile; fileRef = C384D353179E084F006E4875 /* AppDelegate.m */; };
		C384D356179E084F006E4875 /* Default.png in Resources */ = {isa = PBXBuildFile; fileRef = C384D355179E084F006E4875 /* Default.png */; };
		C384D358179E084F006E4875 /* Default@2x.png in Resources */ = {isa = PBXBuildFile; fileRef = C384D357179E084F006E4875 /* Default@2x.png */; };
		C384D35A179E084F006E4875 /* Default-568h@2x.png in Resources */ = {isa = PBXBuildFile; fileRef = C384D359179E084F006E4875 /* Default-568h@2x.png */; };
		C384D35D179E084F006E4875 /* MainStoryboard_iPhone.storyboard in Resources */ = {isa = PBXBuildFile; fileRef = C384D35B179E084F006E4875 /* MainStoryboard_iPhone.storyboard */; };
		C384D360179E084F006E4875 /* MainStoryboard_iPad.storyboard in Resources */ = {isa = PBXBuildFile; fileRef = C384D35E179E084F006E4875 /* MainStoryboard_iPad.storyboard */; };
		C384D363179E084F006E4875 /* ViewController.m in Sources */ = {isa = PBXBuildFile; fileRef = C384D362179E084F006E4875 /* ViewController.m */; };
		C384D36B179E084F006E4875 /* SenTestingKit.framework in Frameworks */ = {isa = PBXBuildFile; fileRef = C384D36A179E084F006E4875 /* SenTestingKit.framework */; };
		C384D36C179E084F006E4875 /* UIKit.framework in Frameworks */ = {isa = PBXBuildFile; fileRef = C384D343179E084F006E4875 /* UIKit.framework */; };
		C384D36D179E084F006E4875 /* Foundation.framework in Frameworks */ = {isa = PBXBuildFile; fileRef = C384D345179E084F006E4875 /* Foundation.framework */; };
		C384D375179E084F006E4875 /* InfoPlist.strings in Resources */ = {isa = PBXBuildFile; fileRef = C384D373179E084F006E4875 /* InfoPlist.strings */; };
		C384D378179E084F006E4875 /* Quick_Start_TutorialTests.m in Sources */ = {isa = PBXBuildFile; fileRef = C384D377179E084F006E4875 /* Quick_Start_TutorialTests.m */; };
		C384D382179E08EB006E4875 /* AddressBook.framework in Frameworks */ = {isa = PBXBuildFile; fileRef = C384D381179E08EB006E4875 /* AddressBook.framework */; };
		C384D384179E08F1006E4875 /* AddressBookUI.framework in Frameworks */ = {isa = PBXBuildFile; fileRef = C384D383179E08F1006E4875 /* AddressBookUI.framework */; };
/* End PBXBuildFile section */

/* Begin PBXContainerItemProxy section */
		C384D36E179E084F006E4875 /* PBXContainerItemProxy */ = {
			isa = PBXContainerItemProxy;
			containerPortal = C384D338179E084E006E4875 /* Project object */;
			proxyType = 1;
			remoteGlobalIDString = C384D33F179E084F006E4875;
			remoteInfo = "Quick Start Tutorial";
		};
/* End PBXContainerItemProxy section */

/* Begin PBXFileReference section */
		C384D340179E084F006E4875 /* Quick Start Tutorial.app */ = {isa = PBXFileReference; explicitFileType = wrapper.application; includeInIndex = 0; path = "Quick Start Tutorial.app"; sourceTree = BUILT_PRODUCTS_DIR; };
		C384D343179E084F006E4875 /* UIKit.framework */ = {isa = PBXFileReference; lastKnownFileType = wrapper.framework; name = UIKit.framework; path = System/Library/Frameworks/UIKit.framework; sourceTree = SDKROOT; };
		C384D345179E084F006E4875 /* Foundation.framework */ = {isa = PBXFileReference; lastKnownFileType = wrapper.framework; name = Foundation.framework; path = System/Library/Frameworks/Foundation.framework; sourceTree = SDKROOT; };
		C384D347179E084F006E4875 /* CoreGraphics.framework */ = {isa = PBXFileReference; lastKnownFileType = wrapper.framework; name = CoreGraphics.framework; path = System/Library/Frameworks/CoreGraphics.framework; sourceTree = SDKROOT; };
		C384D34B179E084F006E4875 /* Quick Start Tutorial-Info.plist */ = {isa = PBXFileReference; lastKnownFileType = text.plist.xml; path = "Quick Start Tutorial-Info.plist"; sourceTree = "<group>"; };
		C384D34D179E084F006E4875 /* en */ = {isa = PBXFileReference; lastKnownFileType = text.plist.strings; name = en; path = en.lproj/InfoPlist.strings; sourceTree = "<group>"; };
		C384D34F179E084F006E4875 /* main.m */ = {isa = PBXFileReference; lastKnownFileType = sourcecode.c.objc; path = main.m; sourceTree = "<group>"; };
		C384D351179E084F006E4875 /* Quick Start Tutorial-Prefix.pch */ = {isa = PBXFileReference; lastKnownFileType = sourcecode.c.h; path = "Quick Start Tutorial-Prefix.pch"; sourceTree = "<group>"; };
		C384D352179E084F006E4875 /* AppDelegate.h */ = {isa = PBXFileReference; lastKnownFileType = sourcecode.c.h; path = AppDelegate.h; sourceTree = "<group>"; };
		C384D353179E084F006E4875 /* AppDelegate.m */ = {isa = PBXFileReference; lastKnownFileType = sourcecode.c.objc; path = AppDelegate.m; sourceTree = "<group>"; };
		C384D355179E084F006E4875 /* Default.png */ = {isa = PBXFileReference; lastKnownFileType = image.png; path = Default.png; sourceTree = "<group>"; };
		C384D357179E084F006E4875 /* Default@2x.png */ = {isa = PBXFileReference; lastKnownFileType = image.png; path = "Default@2x.png"; sourceTree = "<group>"; };
		C384D359179E084F006E4875 /* Default-568h@2x.png */ = {isa = PBXFileReference; lastKnownFileType = image.png; path = "Default-568h@2x.png"; sourceTree = "<group>"; };
		C384D35C179E084F006E4875 /* en */ = {isa = PBXFileReference; lastKnownFileType = file.storyboard; name = en; path = en.lproj/MainStoryboard_iPhone.storyboard; sourceTree = "<group>"; };
		C384D35F179E084F006E4875 /* en */ = {isa = PBXFileReference; lastKnownFileType = file.storyboard; name = en; path = en.lproj/MainStoryboard_iPad.storyboard; sourceTree = "<group>"; };
		C384D361179E084F006E4875 /* ViewController.h */ = {isa = PBXFileReference; lastKnownFileType = sourcecode.c.h; path = ViewController.h; sourceTree = "<group>"; };
		C384D362179E084F006E4875 /* ViewController.m */ = {isa = PBXFileReference; lastKnownFileType = sourcecode.c.objc; path = ViewController.m; sourceTree = "<group>"; };
		C384D369179E084F006E4875 /* Quick Start TutorialTests.octest */ = {isa = PBXFileReference; explicitFileType = wrapper.cfbundle; includeInIndex = 0; path = "Quick Start TutorialTests.octest"; sourceTree = BUILT_PRODUCTS_DIR; };
		C384D36A179E084F006E4875 /* SenTestingKit.framework */ = {isa = PBXFileReference; lastKnownFileType = wrapper.framework; name = SenTestingKit.framework; path = Library/Frameworks/SenTestingKit.framework; sourceTree = DEVELOPER_DIR; };
		C384D372179E084F006E4875 /* Quick Start TutorialTests-Info.plist */ = {isa = PBXFileReference; lastKnownFileType = text.plist.xml; path = "Quick Start TutorialTests-Info.plist"; sourceTree = "<group>"; };
		C384D374179E084F006E4875 /* en */ = {isa = PBXFileReference; lastKnownFileType = text.plist.strings; name = en; path = en.lproj/InfoPlist.strings; sourceTree = "<group>"; };
		C384D376179E084F006E4875 /* Quick_Start_TutorialTests.h */ = {isa = PBXFileReference; lastKnownFileType = sourcecode.c.h; path = Quick_Start_TutorialTests.h; sourceTree = "<group>"; };
		C384D377179E084F006E4875 /* Quick_Start_TutorialTests.m */ = {isa = PBXFileReference; lastKnownFileType = sourcecode.c.objc; path = Quick_Start_TutorialTests.m; sourceTree = "<group>"; };
		C384D381179E08EB006E4875 /* AddressBook.framework */ = {isa = PBXFileReference; lastKnownFileType = wrapper.framework; name = AddressBook.framework; path = System/Library/Frameworks/AddressBook.framework; sourceTree = SDKROOT; };
		C384D383179E08F1006E4875 /* AddressBookUI.framework */ = {isa = PBXFileReference; lastKnownFileType = wrapper.framework; name = AddressBookUI.framework; path = System/Library/Frameworks/AddressBookUI.framework; sourceTree = SDKROOT; };
/* End PBXFileReference section */

/* Begin PBXFrameworksBuildPhase section */
		C384D33D179E084F006E4875 /* Frameworks */ = {
			isa = PBXFrameworksBuildPhase;
			buildActionMask = 2147483647;
			files = (
				C384D384179E08F1006E4875 /* AddressBookUI.framework in Frameworks */,
				C384D382179E08EB006E4875 /* AddressBook.framework in Frameworks */,
				C384D344179E084F006E4875 /* UIKit.framework in Frameworks */,
				C384D346179E084F006E4875 /* Foundation.framework in Frameworks */,
				C384D348179E084F006E4875 /* CoreGraphics.framework in Frameworks */,
			);
			runOnlyForDeploymentPostprocessing = 0;
		};
		C384D365179E084F006E4875 /* Frameworks */ = {
			isa = PBXFrameworksBuildPhase;
			buildActionMask = 2147483647;
			files = (
				C384D36B179E084F006E4875 /* SenTestingKit.framework in Frameworks */,
				C384D36C179E084F006E4875 /* UIKit.framework in Frameworks */,
				C384D36D179E084F006E4875 /* Foundation.framework in Frameworks */,
			);
			runOnlyForDeploymentPostprocessing = 0;
		};
/* End PBXFrameworksBuildPhase section */

/* Begin PBXGroup section */
		C384D337179E084E006E4875 = {
			isa = PBXGroup;
			children = (
				C384D383179E08F1006E4875 /* AddressBookUI.framework */,
				C384D381179E08EB006E4875 /* AddressBook.framework */,
				C384D349179E084F006E4875 /* Quick Start Tutorial */,
				C384D370179E084F006E4875 /* Quick Start TutorialTests */,
				C384D342179E084F006E4875 /* Frameworks */,
				C384D341179E084F006E4875 /* Products */,
			);
			sourceTree = "<group>";
		};
		C384D341179E084F006E4875 /* Products */ = {
			isa = PBXGroup;
			children = (
				C384D340179E084F006E4875 /* Quick Start Tutorial.app */,
				C384D369179E084F006E4875 /* Quick Start TutorialTests.octest */,
			);
			name = Products;
			sourceTree = "<group>";
		};
		C384D342179E084F006E4875 /* Frameworks */ = {
			isa = PBXGroup;
			children = (
				C384D343179E084F006E4875 /* UIKit.framework */,
				C384D345179E084F006E4875 /* Foundation.framework */,
				C384D347179E084F006E4875 /* CoreGraphics.framework */,
				C384D36A179E084F006E4875 /* SenTestingKit.framework */,
			);
			name = Frameworks;
			sourceTree = "<group>";
		};
		C384D349179E084F006E4875 /* Quick Start Tutorial */ = {
			isa = PBXGroup;
			children = (
				C384D352179E084F006E4875 /* AppDelegate.h */,
				C384D353179E084F006E4875 /* AppDelegate.m */,
				C384D35B179E084F006E4875 /* MainStoryboard_iPhone.storyboard */,
				C384D35E179E084F006E4875 /* MainStoryboard_iPad.storyboard */,
				C384D361179E084F006E4875 /* ViewController.h */,
				C384D362179E084F006E4875 /* ViewController.m */,
				C384D34A179E084F006E4875 /* Supporting Files */,
			);
			path = "Quick Start Tutorial";
			sourceTree = "<group>";
		};
		C384D34A179E084F006E4875 /* Supporting Files */ = {
			isa = PBXGroup;
			children = (
				C384D34B179E084F006E4875 /* Quick Start Tutorial-Info.plist */,
				C384D34C179E084F006E4875 /* InfoPlist.strings */,
				C384D34F179E084F006E4875 /* main.m */,
				C384D351179E084F006E4875 /* Quick Start Tutorial-Prefix.pch */,
				C384D355179E084F006E4875 /* Default.png */,
				C384D357179E084F006E4875 /* Default@2x.png */,
				C384D359179E084F006E4875 /* Default-568h@2x.png */,
			);
			name = "Supporting Files";
			sourceTree = "<group>";
		};
		C384D370179E084F006E4875 /* Quick Start TutorialTests */ = {
			isa = PBXGroup;
			children = (
				C384D376179E084F006E4875 /* Quick_Start_TutorialTests.h */,
				C384D377179E084F006E4875 /* Quick_Start_TutorialTests.m */,
				C384D371179E084F006E4875 /* Supporting Files */,
			);
			path = "Quick Start TutorialTests";
			sourceTree = "<group>";
		};
		C384D371179E084F006E4875 /* Supporting Files */ = {
			isa = PBXGroup;
			children = (
				C384D372179E084F006E4875 /* Quick Start TutorialTests-Info.plist */,
				C384D373179E084F006E4875 /* InfoPlist.strings */,
			);
			name = "Supporting Files";
			sourceTree = "<group>";
		};
/* End PBXGroup section */

/* Begin PBXNativeTarget section */
		C384D33F179E084F006E4875 /* Quick Start Tutorial */ = {
			isa = PBXNativeTarget;
			buildConfigurationList = C384D37B179E084F006E4875 /* Build configuration list for PBXNativeTarget "Quick Start Tutorial" */;
			buildPhases = (
				C384D33C179E084F006E4875 /* Sources */,
				C384D33D179E084F006E4875 /* Frameworks */,
				C384D33E179E084F006E4875 /* Resources */,
			);
			buildRules = (
			);
			dependencies = (
			);
			name = "Quick Start Tutorial";
			productName = "Quick Start Tutorial";
			productReference = C384D340179E084F006E4875 /* Quick Start Tutorial.app */;
			productType = "com.apple.product-type.application";
		};
		C384D368179E084F006E4875 /* Quick Start TutorialTests */ = {
			isa = PBXNativeTarget;
			buildConfigurationList = C384D37E179E084F006E4875 /* Build configuration list for PBXNativeTarget "Quick Start TutorialTests" */;
			buildPhases = (
				C384D364179E084F006E4875 /* Sources */,
				C384D365179E084F006E4875 /* Frameworks */,
				C384D366179E084F006E4875 /* Resources */,
				C384D367179E084F006E4875 /* ShellScript */,
			);
			buildRules = (
			);
			dependencies = (
				C384D36F179E084F006E4875 /* PBXTargetDependency */,
			);
			name = "Quick Start TutorialTests";
			productName = "Quick Start TutorialTests";
			productReference = C384D369179E084F006E4875 /* Quick Start TutorialTests.octest */;
			productType = "com.apple.product-type.bundle";
		};
/* End PBXNativeTarget section */

/* Begin PBXProject section */
		C384D338179E084E006E4875 /* Project object */ = {
			isa = PBXProject;
			attributes = {
				LastUpgradeCheck = 0460;
				ORGANIZATIONNAME = "Paymahn Moghadasian";
			};
			buildConfigurationList = C384D33B179E084E006E4875 /* Build configuration list for PBXProject "Quick Start Tutorial" */;
			compatibilityVersion = "Xcode 3.2";
			developmentRegion = English;
			hasScannedForEncodings = 0;
			knownRegions = (
				en,
			);
			mainGroup = C384D337179E084E006E4875;
			productRefGroup = C384D341179E084F006E4875 /* Products */;
			projectDirPath = "";
			projectRoot = "";
			targets = (
				C384D33F179E084F006E4875 /* Quick Start Tutorial */,
				C384D368179E084F006E4875 /* Quick Start TutorialTests */,
			);
		};
/* End PBXProject section */

/* Begin PBXResourcesBuildPhase section */
		C384D33E179E084F006E4875 /* Resources */ = {
			isa = PBXResourcesBuildPhase;
			buildActionMask = 2147483647;
			files = (
				C384D34E179E084F006E4875 /* InfoPlist.strings in Resources */,
				C384D356179E084F006E4875 /* Default.png in Resources */,
				C384D358179E084F006E4875 /* Default@2x.png in Resources */,
				C384D35A179E084F006E4875 /* Default-568h@2x.png in Resources */,
				C384D35D179E084F006E4875 /* MainStoryboard_iPhone.storyboard in Resources */,
				C384D360179E084F006E4875 /* MainStoryboard_iPad.storyboard in Resources */,
			);
			runOnlyForDeploymentPostprocessing = 0;
		};
		C384D366179E084F006E4875 /* Resources */ = {
			isa = PBXResourcesBuildPhase;
			buildActionMask = 2147483647;
			files = (
				C384D375179E084F006E4875 /* InfoPlist.strings in Resources */,
			);
			runOnlyForDeploymentPostprocessing = 0;
		};
/* End PBXResourcesBuildPhase section */

/* Begin PBXShellScriptBuildPhase section */
		C384D367179E084F006E4875 /* ShellScript */ = {
			isa = PBXShellScriptBuildPhase;
			buildActionMask = 2147483647;
			files = (
			);
			inputPaths = (
			);
			outputPaths = (
			);
			runOnlyForDeploymentPostprocessing = 0;
			shellPath = /bin/sh;
			shellScript = "# Run the unit tests in this test bundle.\n\"${SYSTEM_DEVELOPER_DIR}/Tools/RunUnitTests\"\n";
		};
/* End PBXShellScriptBuildPhase section */

/* Begin PBXSourcesBuildPhase section */
		C384D33C179E084F006E4875 /* Sources */ = {
			isa = PBXSourcesBuildPhase;
			buildActionMask = 2147483647;
			files = (
				C384D350179E084F006E4875 /* main.m in Sources */,
				C384D354179E084F006E4875 /* AppDelegate.m in Sources */,
				C384D363179E084F006E4875 /* ViewController.m in Sources */,
			);
			runOnlyForDeploymentPostprocessing = 0;
		};
		C384D364179E084F006E4875 /* Sources */ = {
			isa = PBXSourcesBuildPhase;
			buildActionMask = 2147483647;
			files = (
				C384D378179E084F006E4875 /* Quick_Start_TutorialTests.m in Sources */,
			);
			runOnlyForDeploymentPostprocessing = 0;
		};
/* End PBXSourcesBuildPhase section */

/* Begin PBXTargetDependency section */
		C384D36F179E084F006E4875 /* PBXTargetDependency */ = {
			isa = PBXTargetDependency;
			target = C384D33F179E084F006E4875 /* Quick Start Tutorial */;
			targetProxy = C384D36E179E084F006E4875 /* PBXContainerItemProxy */;
		};
/* End PBXTargetDependency section */

/* Begin PBXVariantGroup section */
		C384D34C179E084F006E4875 /* InfoPlist.strings */ = {
			isa = PBXVariantGroup;
			children = (
				C384D34D179E084F006E4875 /* en */,
			);
			name = InfoPlist.strings;
			sourceTree = "<group>";
		};
		C384D35B179E084F006E4875 /* MainStoryboard_iPhone.storyboard */ = {
			isa = PBXVariantGroup;
			children = (
				C384D35C179E084F006E4875 /* en */,
			);
			name = MainStoryboard_iPhone.storyboard;
			sourceTree = "<group>";
		};
		C384D35E179E084F006E4875 /* MainStoryboard_iPad.storyboard */ = {
			isa = PBXVariantGroup;
			children = (
				C384D35F179E084F006E4875 /* en */,
			);
			name = MainStoryboard_iPad.storyboard;
			sourceTree = "<group>";
		};
		C384D373179E084F006E4875 /* InfoPlist.strings */ = {
			isa = PBXVariantGroup;
			children = (
				C384D374179E084F006E4875 /* en */,
			);
			name = InfoPlist.strings;
			sourceTree = "<group>";
		};
/* End PBXVariantGroup section */

/* Begin XCBuildConfiguration section */
		C384D379179E084F006E4875 /* Debug */ = {
			isa = XCBuildConfiguration;
			buildSettings = {
				ALWAYS_SEARCH_USER_PATHS = NO;
				CLANG_CXX_LANGUAGE_STANDARD = "gnu++0x";
				CLANG_CXX_LIBRARY = "libc++";
				CLANG_ENABLE_OBJC_ARC = YES;
				CLANG_WARN_CONSTANT_CONVERSION = YES;
				CLANG_WARN_EMPTY_BODY = YES;
				CLANG_WARN_ENUM_CONVERSION = YES;
				CLANG_WARN_INT_CONVERSION = YES;
				CLANG_WARN__DUPLICATE_METHOD_MATCH = YES;
				"CODE_SIGN_IDENTITY[sdk=iphoneos*]" = "iPhone Developer";
				COPY_PHASE_STRIP = NO;
				GCC_C_LANGUAGE_STANDARD = gnu99;
				GCC_DYNAMIC_NO_PIC = NO;
				GCC_OPTIMIZATION_LEVEL = 0;
				GCC_PREPROCESSOR_DEFINITIONS = (
					"DEBUG=1",
					"$(inherited)",
				);
				GCC_SYMBOLS_PRIVATE_EXTERN = NO;
				GCC_WARN_ABOUT_RETURN_TYPE = YES;
				GCC_WARN_UNINITIALIZED_AUTOS = YES;
				GCC_WARN_UNUSED_VARIABLE = YES;
				IPHONEOS_DEPLOYMENT_TARGET = 6.1;
				ONLY_ACTIVE_ARCH = YES;
				SDKROOT = iphoneos;
				TARGETED_DEVICE_FAMILY = "1,2";
			};
			name = Debug;
		};
		C384D37A179E084F006E4875 /* Release */ = {
			isa = XCBuildConfiguration;
			buildSettings = {
				ALWAYS_SEARCH_USER_PATHS = NO;
				CLANG_CXX_LANGUAGE_STANDARD = "gnu++0x";
				CLANG_CXX_LIBRARY = "libc++";
				CLANG_ENABLE_OBJC_ARC = YES;
				CLANG_WARN_CONSTANT_CONVERSION = YES;
				CLANG_WARN_EMPTY_BODY = YES;
				CLANG_WARN_ENUM_CONVERSION = YES;
				CLANG_WARN_INT_CONVERSION = YES;
				CLANG_WARN__DUPLICATE_METHOD_MATCH = YES;
				"CODE_SIGN_IDENTITY[sdk=iphoneos*]" = "iPhone Developer";
				COPY_PHASE_STRIP = YES;
				GCC_C_LANGUAGE_STANDARD = gnu99;
				GCC_WARN_ABOUT_RETURN_TYPE = YES;
				GCC_WARN_UNINITIALIZED_AUTOS = YES;
				GCC_WARN_UNUSED_VARIABLE = YES;
				IPHONEOS_DEPLOYMENT_TARGET = 6.1;
				OTHER_CFLAGS = "-DNS_BLOCK_ASSERTIONS=1";
				SDKROOT = iphoneos;
				TARGETED_DEVICE_FAMILY = "1,2";
				VALIDATE_PRODUCT = YES;
			};
			name = Release;
		};
		C384D37C179E084F006E4875 /* Debug */ = {
			isa = XCBuildConfiguration;
			buildSettings = {
				GCC_PRECOMPILE_PREFIX_HEADER = YES;
				GCC_PREFIX_HEADER = "Quick Start Tutorial/Quick Start Tutorial-Prefix.pch";
				INFOPLIST_FILE = "Quick Start Tutorial/Quick Start Tutorial-Info.plist";
				PRODUCT_NAME = "$(TARGET_NAME)";
				TARGETED_DEVICE_FAMILY = 1;
				WRAPPER_EXTENSION = app;
			};
			name = Debug;
		};
		C384D37D179E084F006E4875 /* Release */ = {
			isa = XCBuildConfiguration;
			buildSettings = {
				GCC_PRECOMPILE_PREFIX_HEADER = YES;
				GCC_PREFIX_HEADER = "Quick Start Tutorial/Quick Start Tutorial-Prefix.pch";
				INFOPLIST_FILE = "Quick Start Tutorial/Quick Start Tutorial-Info.plist";
				PRODUCT_NAME = "$(TARGET_NAME)";
				TARGETED_DEVICE_FAMILY = 1;
				WRAPPER_EXTENSION = app;
			};
			name = Release;
		};
		C384D37F179E084F006E4875 /* Debug */ = {
			isa = XCBuildConfiguration;
			buildSettings = {
				BUNDLE_LOADER = "$(BUILT_PRODUCTS_DIR)/Quick Start Tutorial.app/Quick Start Tutorial";
				FRAMEWORK_SEARCH_PATHS = (
					"\"$(SDKROOT)/Developer/Library/Frameworks\"",
					"\"$(DEVELOPER_LIBRARY_DIR)/Frameworks\"",
				);
				GCC_PRECOMPILE_PREFIX_HEADER = YES;
				GCC_PREFIX_HEADER = "Quick Start Tutorial/Quick Start Tutorial-Prefix.pch";
				INFOPLIST_FILE = "Quick Start TutorialTests/Quick Start TutorialTests-Info.plist";
				PRODUCT_NAME = "$(TARGET_NAME)";
				TEST_HOST = "$(BUNDLE_LOADER)";
				WRAPPER_EXTENSION = octest;
			};
			name = Debug;
		};
		C384D380179E084F006E4875 /* Release */ = {
			isa = XCBuildConfiguration;
			buildSettings = {
				BUNDLE_LOADER = "$(BUILT_PRODUCTS_DIR)/Quick Start Tutorial.app/Quick Start Tutorial";
				FRAMEWORK_SEARCH_PATHS = (
					"\"$(SDKROOT)/Developer/Library/Frameworks\"",
					"\"$(DEVELOPER_LIBRARY_DIR)/Frameworks\"",
				);
				GCC_PRECOMPILE_PREFIX_HEADER = YES;
				GCC_PREFIX_HEADER = "Quick Start Tutorial/Quick Start Tutorial-Prefix.pch";
				INFOPLIST_FILE = "Quick Start TutorialTests/Quick Start TutorialTests-Info.plist";
				PRODUCT_NAME = "$(TARGET_NAME)";
				TEST_HOST = "$(BUNDLE_LOADER)";
				WRAPPER_EXTENSION = octest;
			};
			name = Release;
		};
/* End XCBuildConfiguration section */

/* Begin XCConfigurationList section */
		C384D33B179E084E006E4875 /* Build configuration list for PBXProject "Quick Start Tutorial" */ = {
			isa = XCConfigurationList;
			buildConfigurations = (
				C384D379179E084F006E4875 /* Debug */,
				C384D37A179E084F006E4875 /* Release */,
			);
			defaultConfigurationIsVisible = 0;
			defaultConfigurationName = Release;
		};
		C384D37B179E084F006E4875 /* Build configuration list for PBXNativeTarget "Quick Start Tutorial" */ = {
			isa = XCConfigurationList;
			buildConfigurations = (
				C384D37C179E084F006E4875 /* Debug */,
				C384D37D179E084F006E4875 /* Release */,
			);
			defaultConfigurationIsVisible = 0;
		};
		C384D37E179E084F006E4875 /* Build configuration list for PBXNativeTarget "Quick Start TutorialTests" */ = {
			isa = XCConfigurationList;
			buildConfigurations = (
				C384D37F179E084F006E4875 /* Debug */,
				C384D380179E084F006E4875 /* Release */,
			);
			defaultConfigurationIsVisible = 0;
		};
/* End XCConfigurationList section */
	};
	rootObject = C384D338179E084E006E4875 /* Project object */;
}
